
Microsoft Visual Studio Solution File, Format Version 12.00
# Visual Studio Version 16
VisualStudioVersion = 16.0.30517.126
MinimumVisualStudioVersion = 10.0.40219.1
Project("{FAE04EC0-301F-11D3-BF4B-00C04F79EFBC}") = "Update_FechaCierreProximo_DIARCO", "Update_FechaCierreProximo_DIARCO.csproj", "{DD2379AF-99CC-4885-82A0-1A21BAE4FE93}"
EndProject
Global
	GlobalSection(SolutionConfigurationPlatforms) = preSolution
		Debug|Any CPU = Debug|Any CPU
		Release|Any CPU = Release|Any CPU
	EndGlobalSection
	GlobalSection(ProjectConfigurationPlatforms) = postSolution
		{DD2379AF-99CC-4885-82A0-1A21BAE4FE93}.Debug|Any CPU.ActiveCfg = Debug|Any CPU
		{DD2379AF-99CC-4885-82A0-1A21BAE4FE93}.Debug|Any CPU.Build.0 = Debug|Any CPU
		{DD2379AF-99CC-4885-82A0-1A21BAE4FE93}.Release|Any CPU.ActiveCfg = Release|Any CPU
		{DD2379AF-99CC-4885-82A0-1A21BAE4FE93}.Release|Any CPU.Build.0 = Release|Any CPU
	EndGlobalSection
	GlobalSection(SolutionProperties) = preSolution
		HideSolutionNode = FALSE
	EndGlobalSection
	GlobalSection(ExtensibilityGlobals) = postSolution
		SolutionGuid = {D203F5AB-D8CC-4892-8861-65E98A4BCB51}
	EndGlobalSection
EndGlobal
